
Microsoft Visual Studio Solution File, Format Version 12.00
# Visual Studio Version 16
VisualStudioVersion = 16.0.32228.343
MinimumVisualStudioVersion = 10.0.40219.1
Project("{FAE04EC0-301F-11D3-BF4B-00C04F79EFBC}") = "AlpClub", "AlpClub\AlpClub.csproj", "{CACCCF81-582A-478A-9D5A-ABFAD94DFEEE}"
EndProject
Global
	GlobalSection(SolutionConfigurationPlatforms) = preSolution
		Debug|Any CPU = Debug|Any CPU
		Release|Any CPU = Release|Any CPU
	EndGlobalSection
	GlobalSection(ProjectConfigurationPlatforms) = postSolution
		{CACCCF81-582A-478A-9D5A-ABFAD94DFEEE}.Debug|Any CPU.ActiveCfg = Debug|Any CPU
		{CACCCF81-582A-478A-9D5A-ABFAD94DFEEE}.Debug|Any CPU.Build.0 = Debug|Any CPU
		{CACCCF81-582A-478A-9D5A-ABFAD94DFEEE}.Release|Any CPU.ActiveCfg = Release|Any CPU
		{CACCCF81-582A-478A-9D5A-ABFAD94DFEEE}.Release|Any CPU.Build.0 = Release|Any CPU
	EndGlobalSection
	GlobalSection(SolutionProperties) = preSolution
		HideSolutionNode = FALSE
	EndGlobalSection
	GlobalSection(ExtensibilityGlobals) = postSolution
		SolutionGuid = {54549812-097E-4678-A285-D73A7DD709DD}
	EndGlobalSection
EndGlobal
